// !$*UTF8*$!
{
	archiveVersion = 1;
	classes = {
	};
	objectVersion = 50;
	objects = {

/* Begin PBXBuildFile section */
		DA4CBBE726A72851005E0C0E /* AppDelegate.swift in Sources */ = {isa = PBXBuildFile; fileRef = DA4CBBE626A72851005E0C0E /* AppDelegate.swift */; };
		DA4CBBE926A72851005E0C0E /* SceneDelegate.swift in Sources */ = {isa = PBXBuildFile; fileRef = DA4CBBE826A72851005E0C0E /* SceneDelegate.swift */; };
		DA4CBBEB26A72851005E0C0E /* ViewController.swift in Sources */ = {isa = PBXBuildFile; fileRef = DA4CBBEA26A72851005E0C0E /* ViewController.swift */; };
		DA4CBBEE26A72851005E0C0E /* Main.storyboard in Resources */ = {isa = PBXBuildFile; fileRef = DA4CBBEC26A72851005E0C0E /* Main.storyboard */; };
		DA4CBBF026A7285A005E0C0E /* Assets.xcassets in Resources */ = {isa = PBXBuildFile; fileRef = DA4CBBEF26A7285A005E0C0E /* Assets.xcassets */; };
		DA4CBBF326A7285A005E0C0E /* LaunchScreen.storyboard in Resources */ = {isa = PBXBuildFile; fileRef = DA4CBBF126A7285A005E0C0E /* LaunchScreen.storyboard */; };
		DA4CBBFE26A7285A005E0C0E /* ReadWriteTests.swift in Sources */ = {isa = PBXBuildFile; fileRef = DA4CBBFD26A7285A005E0C0E /* ReadWriteTests.swift */; };
		DA4CBC0926A7285A005E0C0E /* ReadWriteUITests.swift in Sources */ = {isa = PBXBuildFile; fileRef = DA4CBC0826A7285A005E0C0E /* ReadWriteUITests.swift */; };
/* End PBXBuildFile section */

/* Begin PBXContainerItemProxy section */
		DA4CBBFA26A7285A005E0C0E /* PBXContainerItemProxy */ = {
			isa = PBXContainerItemProxy;
			containerPortal = DA4CBBDB26A72850005E0C0E /* Project object */;
			proxyType = 1;
			remoteGlobalIDString = DA4CBBE226A72850005E0C0E;
			remoteInfo = ReadWrite;
		};
		DA4CBC0526A7285A005E0C0E /* PBXContainerItemProxy */ = {
			isa = PBXContainerItemProxy;
			containerPortal = DA4CBBDB26A72850005E0C0E /* Project object */;
			proxyType = 1;
			remoteGlobalIDString = DA4CBBE226A72850005E0C0E;
			remoteInfo = ReadWrite;
		};
/* End PBXContainerItemProxy section */

/* Begin PBXFileReference section */
		DA4CBBE326A72850005E0C0E /* ReadWrite.app */ = {isa = PBXFileReference; explicitFileType = wrapper.application; includeInIndex = 0; path = ReadWrite.app; sourceTree = BUILT_PRODUCTS_DIR; };
		DA4CBBE626A72851005E0C0E /* AppDelegate.swift */ = {isa = PBXFileReference; lastKnownFileType = sourcecode.swift; path = AppDelegate.swift; sourceTree = "<group>"; };
		DA4CBBE826A72851005E0C0E /* SceneDelegate.swift */ = {isa = PBXFileReference; lastKnownFileType = sourcecode.swift; path = SceneDelegate.swift; sourceTree = "<group>"; };
		DA4CBBEA26A72851005E0C0E /* ViewController.swift */ = {isa = PBXFileReference; lastKnownFileType = sourcecode.swift; path = ViewController.swift; sourceTree = "<group>"; };
		DA4CBBED26A72851005E0C0E /* Base */ = {isa = PBXFileReference; lastKnownFileType = file.storyboard; name = Base; path = Base.lproj/Main.storyboard; sourceTree = "<group>"; };
		DA4CBBEF26A7285A005E0C0E /* Assets.xcassets */ = {isa = PBXFileReference; lastKnownFileType = folder.assetcatalog; path = Assets.xcassets; sourceTree = "<group>"; };
		DA4CBBF226A7285A005E0C0E /* Base */ = {isa = PBXFileReference; lastKnownFileType = file.storyboard; name = Base; path = Base.lproj/LaunchScreen.storyboard; sourceTree = "<group>"; };
		DA4CBBF426A7285A005E0C0E /* Info.plist */ = {isa = PBXFileReference; lastKnownFileType = text.plist.xml; path = Info.plist; sourceTree = "<group>"; };
		DA4CBBF926A7285A005E0C0E /* ReadWriteTests.xctest */ = {isa = PBXFileReference; explicitFileType = wrapper.cfbundle; includeInIndex = 0; path = ReadWriteTests.xctest; sourceTree = BUILT_PRODUCTS_DIR; };
		DA4CBBFD26A7285A005E0C0E /* ReadWriteTests.swift */ = {isa = PBXFileReference; lastKnownFileType = sourcecode.swift; path = ReadWriteTests.swift; sourceTree = "<group>"; };
		DA4CBBFF26A7285A005E0C0E /* Info.plist */ = {isa = PBXFileReference; lastKnownFileType = text.plist.xml; path = Info.plist; sourceTree = "<group>"; };
		DA4CBC0426A7285A005E0C0E /* ReadWriteUITests.xctest */ = {isa = PBXFileReference; explicitFileType = wrapper.cfbundle; includeInIndex = 0; path = ReadWriteUITests.xctest; sourceTree = BUILT_PRODUCTS_DIR; };
		DA4CBC0826A7285A005E0C0E /* ReadWriteUITests.swift */ = {isa = PBXFileReference; lastKnownFileType = sourcecode.swift; path = ReadWriteUITests.swift; sourceTree = "<group>"; };
		DA4CBC0A26A7285A005E0C0E /* Info.plist */ = {isa = PBXFileReference; lastKnownFileType = text.plist.xml; path = Info.plist; sourceTree = "<group>"; };
/* End PBXFileReference section */

/* Begin PBXFrameworksBuildPhase section */
		DA4CBBE026A72850005E0C0E /* Frameworks */ = {
			isa = PBXFrameworksBuildPhase;
			buildActionMask = 2147483647;
			files = (
			);
			runOnlyForDeploymentPostprocessing = 0;
		};
		DA4CBBF626A7285A005E0C0E /* Frameworks */ = {
			isa = PBXFrameworksBuildPhase;
			buildActionMask = 2147483647;
			files = (
			);
			runOnlyForDeploymentPostprocessing = 0;
		};
		DA4CBC0126A7285A005E0C0E /* Frameworks */ = {
			isa = PBXFrameworksBuildPhase;
			buildActionMask = 2147483647;
			files = (
			);
			runOnlyForDeploymentPostprocessing = 0;
		};
/* End PBXFrameworksBuildPhase section */

/* Begin PBXGroup section */
		DA4CBBDA26A72850005E0C0E = {
			isa = PBXGroup;
			children = (
				DA4CBBE526A72850005E0C0E /* ReadWrite */,
				DA4CBBFC26A7285A005E0C0E /* ReadWriteTests */,
				DA4CBC0726A7285A005E0C0E /* ReadWriteUITests */,
				DA4CBBE426A72850005E0C0E /* Products */,
			);
			sourceTree = "<group>";
		};
		DA4CBBE426A72850005E0C0E /* Products */ = {
			isa = PBXGroup;
			children = (
				DA4CBBE326A72850005E0C0E /* ReadWrite.app */,
				DA4CBBF926A7285A005E0C0E /* ReadWriteTests.xctest */,
				DA4CBC0426A7285A005E0C0E /* ReadWriteUITests.xctest */,
			);
			name = Products;
			sourceTree = "<group>";
		};
		DA4CBBE526A72850005E0C0E /* ReadWrite */ = {
			isa = PBXGroup;
			children = (
				DA4CBBE626A72851005E0C0E /* AppDelegate.swift */,
				DA4CBBE826A72851005E0C0E /* SceneDelegate.swift */,
				DA4CBBEA26A72851005E0C0E /* ViewController.swift */,
				DA4CBBEC26A72851005E0C0E /* Main.storyboard */,
				DA4CBBEF26A7285A005E0C0E /* Assets.xcassets */,
				DA4CBBF126A7285A005E0C0E /* LaunchScreen.storyboard */,
				DA4CBBF426A7285A005E0C0E /* Info.plist */,
			);
			path = ReadWrite;
			sourceTree = "<group>";
		};
		DA4CBBFC26A7285A005E0C0E /* ReadWriteTests */ = {
			isa = PBXGroup;
			children = (
				DA4CBBFD26A7285A005E0C0E /* ReadWriteTests.swift */,
				DA4CBBFF26A7285A005E0C0E /* Info.plist */,
			);
			path = ReadWriteTests;
			sourceTree = "<group>";
		};
		DA4CBC0726A7285A005E0C0E /* ReadWriteUITests */ = {
			isa = PBXGroup;
			children = (
				DA4CBC0826A7285A005E0C0E /* ReadWriteUITests.swift */,
				DA4CBC0A26A7285A005E0C0E /* Info.plist */,
			);
			path = ReadWriteUITests;
			sourceTree = "<group>";
		};
/* End PBXGroup section */

/* Begin PBXNativeTarget section */
		DA4CBBE226A72850005E0C0E /* ReadWrite */ = {
			isa = PBXNativeTarget;
			buildConfigurationList = DA4CBC0D26A7285A005E0C0E /* Build configuration list for PBXNativeTarget "ReadWrite" */;
			buildPhases = (
				DA4CBBDF26A72850005E0C0E /* Sources */,
				DA4CBBE026A72850005E0C0E /* Frameworks */,
				DA4CBBE126A72850005E0C0E /* Resources */,
			);
			buildRules = (
			);
			dependencies = (
			);
			name = ReadWrite;
			productName = ReadWrite;
			productReference = DA4CBBE326A72850005E0C0E /* ReadWrite.app */;
			productType = "com.apple.product-type.application";
		};
		DA4CBBF826A7285A005E0C0E /* ReadWriteTests */ = {
			isa = PBXNativeTarget;
			buildConfigurationList = DA4CBC1026A7285A005E0C0E /* Build configuration list for PBXNativeTarget "ReadWriteTests" */;
			buildPhases = (
				DA4CBBF526A7285A005E0C0E /* Sources */,
				DA4CBBF626A7285A005E0C0E /* Frameworks */,
				DA4CBBF726A7285A005E0C0E /* Resources */,
			);
			buildRules = (
			);
			dependencies = (
				DA4CBBFB26A7285A005E0C0E /* PBXTargetDependency */,
			);
			name = ReadWriteTests;
			productName = ReadWriteTests;
			productReference = DA4CBBF926A7285A005E0C0E /* ReadWriteTests.xctest */;
			productType = "com.apple.product-type.bundle.unit-test";
		};
		DA4CBC0326A7285A005E0C0E /* ReadWriteUITests */ = {
			isa = PBXNativeTarget;
			buildConfigurationList = DA4CBC1326A7285A005E0C0E /* Build configuration list for PBXNativeTarget "ReadWriteUITests" */;
			buildPhases = (
				DA4CBC0026A7285A005E0C0E /* Sources */,
				DA4CBC0126A7285A005E0C0E /* Frameworks */,
				DA4CBC0226A7285A005E0C0E /* Resources */,
			);
			buildRules = (
			);
			dependencies = (
				DA4CBC0626A7285A005E0C0E /* PBXTargetDependency */,
			);
			name = ReadWriteUITests;
			productName = ReadWriteUITests;
			productReference = DA4CBC0426A7285A005E0C0E /* ReadWriteUITests.xctest */;
			productType = "com.apple.product-type.bundle.ui-testing";
		};
/* End PBXNativeTarget section */

/* Begin PBXProject section */
		DA4CBBDB26A72850005E0C0E /* Project object */ = {
			isa = PBXProject;
			attributes = {
				LastSwiftUpdateCheck = 1250;
				LastUpgradeCheck = 1250;
				TargetAttributes = {
					DA4CBBE226A72850005E0C0E = {
						CreatedOnToolsVersion = 12.5;
					};
					DA4CBBF826A7285A005E0C0E = {
						CreatedOnToolsVersion = 12.5;
						TestTargetID = DA4CBBE226A72850005E0C0E;
					};
					DA4CBC0326A7285A005E0C0E = {
						CreatedOnToolsVersion = 12.5;
						TestTargetID = DA4CBBE226A72850005E0C0E;
					};
				};
			};
			buildConfigurationList = DA4CBBDE26A72850005E0C0E /* Build configuration list for PBXProject "ReadWrite" */;
			compatibilityVersion = "Xcode 9.3";
			developmentRegion = en;
			hasScannedForEncodings = 0;
			knownRegions = (
				en,
				Base,
			);
			mainGroup = DA4CBBDA26A72850005E0C0E;
			productRefGroup = DA4CBBE426A72850005E0C0E /* Products */;
			projectDirPath = "";
			projectRoot = "";
			targets = (
				DA4CBBE226A72850005E0C0E /* ReadWrite */,
				DA4CBBF826A7285A005E0C0E /* ReadWriteTests */,
				DA4CBC0326A7285A005E0C0E /* ReadWriteUITests */,
			);
		};
/* End PBXProject section */

/* Begin PBXResourcesBuildPhase section */
		DA4CBBE126A72850005E0C0E /* Resources */ = {
			isa = PBXResourcesBuildPhase;
			buildActionMask = 2147483647;
			files = (
				DA4CBBF326A7285A005E0C0E /* LaunchScreen.storyboard in Resources */,
				DA4CBBF026A7285A005E0C0E /* Assets.xcassets in Resources */,
				DA4CBBEE26A72851005E0C0E /* Main.storyboard in Resources */,
			);
			runOnlyForDeploymentPostprocessing = 0;
		};
		DA4CBBF726A7285A005E0C0E /* Resources */ = {
			isa = PBXResourcesBuildPhase;
			buildActionMask = 2147483647;
			files = (
			);
			runOnlyForDeploymentPostprocessing = 0;
		};
		DA4CBC0226A7285A005E0C0E /* Resources */ = {
			isa = PBXResourcesBuildPhase;
			buildActionMask = 2147483647;
			files = (
			);
			runOnlyForDeploymentPostprocessing = 0;
		};
/* End PBXResourcesBuildPhase section */

/* Begin PBXSourcesBuildPhase section */
		DA4CBBDF26A72850005E0C0E /* Sources */ = {
			isa = PBXSourcesBuildPhase;
			buildActionMask = 2147483647;
			files = (
				DA4CBBEB26A72851005E0C0E /* ViewController.swift in Sources */,
				DA4CBBE726A72851005E0C0E /* AppDelegate.swift in Sources */,
				DA4CBBE926A72851005E0C0E /* SceneDelegate.swift in Sources */,
			);
			runOnlyForDeploymentPostprocessing = 0;
		};
		DA4CBBF526A7285A005E0C0E /* Sources */ = {
			isa = PBXSourcesBuildPhase;
			buildActionMask = 2147483647;
			files = (
				DA4CBBFE26A7285A005E0C0E /* ReadWriteTests.swift in Sources */,
			);
			runOnlyForDeploymentPostprocessing = 0;
		};
		DA4CBC0026A7285A005E0C0E /* Sources */ = {
			isa = PBXSourcesBuildPhase;
			buildActionMask = 2147483647;
			files = (
				DA4CBC0926A7285A005E0C0E /* ReadWriteUITests.swift in Sources */,
			);
			runOnlyForDeploymentPostprocessing = 0;
		};
/* End PBXSourcesBuildPhase section */

/* Begin PBXTargetDependency section */
		DA4CBBFB26A7285A005E0C0E /* PBXTargetDependency */ = {
			isa = PBXTargetDependency;
			target = DA4CBBE226A72850005E0C0E /* ReadWrite */;
			targetProxy = DA4CBBFA26A7285A005E0C0E /* PBXContainerItemProxy */;
		};
		DA4CBC0626A7285A005E0C0E /* PBXTargetDependency */ = {
			isa = PBXTargetDependency;
			target = DA4CBBE226A72850005E0C0E /* ReadWrite */;
			targetProxy = DA4CBC0526A7285A005E0C0E /* PBXContainerItemProxy */;
		};
/* End PBXTargetDependency section */

/* Begin PBXVariantGroup section */
		DA4CBBEC26A72851005E0C0E /* Main.storyboard */ = {
			isa = PBXVariantGroup;
			children = (
				DA4CBBED26A72851005E0C0E /* Base */,
			);
			name = Main.storyboard;
			sourceTree = "<group>";
		};
		DA4CBBF126A7285A005E0C0E /* LaunchScreen.storyboard */ = {
			isa = PBXVariantGroup;
			children = (
				DA4CBBF226A7285A005E0C0E /* Base */,
			);
			name = LaunchScreen.storyboard;
			sourceTree = "<group>";
		};
/* End PBXVariantGroup section */

/* Begin XCBuildConfiguration section */
		DA4CBC0B26A7285A005E0C0E /* Debug */ = {
			isa = XCBuildConfiguration;
			buildSettings = {
				ALWAYS_SEARCH_USER_PATHS = NO;
				CLANG_ANALYZER_NONNULL = YES;
				CLANG_ANALYZER_NUMBER_OBJECT_CONVERSION = YES_AGGRESSIVE;
				CLANG_CXX_LANGUAGE_STANDARD = "gnu++14";
				CLANG_CXX_LIBRARY = "libc++";
				CLANG_ENABLE_MODULES = YES;
				CLANG_ENABLE_OBJC_ARC = YES;
				CLANG_ENABLE_OBJC_WEAK = YES;
				CLANG_WARN_BLOCK_CAPTURE_AUTORELEASING = YES;
				CLANG_WARN_BOOL_CONVERSION = YES;
				CLANG_WARN_COMMA = YES;
				CLANG_WARN_CONSTANT_CONVERSION = YES;
				CLANG_WARN_DEPRECATED_OBJC_IMPLEMENTATIONS = YES;
				CLANG_WARN_DIRECT_OBJC_ISA_USAGE = YES_ERROR;
				CLANG_WARN_DOCUMENTATION_COMMENTS = YES;
				CLANG_WARN_EMPTY_BODY = YES;
				CLANG_WARN_ENUM_CONVERSION = YES;
				CLANG_WARN_INFINITE_RECURSION = YES;
				CLANG_WARN_INT_CONVERSION = YES;
				CLANG_WARN_NON_LITERAL_NULL_CONVERSION = YES;
				CLANG_WARN_OBJC_IMPLICIT_RETAIN_SELF = YES;
				CLANG_WARN_OBJC_LITERAL_CONVERSION = YES;
				CLANG_WARN_OBJC_ROOT_CLASS = YES_ERROR;
				CLANG_WARN_QUOTED_INCLUDE_IN_FRAMEWORK_HEADER = YES;
				CLANG_WARN_RANGE_LOOP_ANALYSIS = YES;
				CLANG_WARN_STRICT_PROTOTYPES = YES;
				CLANG_WARN_SUSPICIOUS_MOVE = YES;
				CLANG_WARN_UNGUARDED_AVAILABILITY = YES_AGGRESSIVE;
				CLANG_WARN_UNREACHABLE_CODE = YES;
				CLANG_WARN__DUPLICATE_METHOD_MATCH = YES;
				COPY_PHASE_STRIP = NO;
				DEBUG_INFORMATION_FORMAT = dwarf;
				ENABLE_STRICT_OBJC_MSGSEND = YES;
				ENABLE_TESTABILITY = YES;
				GCC_C_LANGUAGE_STANDARD = gnu11;
				GCC_DYNAMIC_NO_PIC = NO;
				GCC_NO_COMMON_BLOCKS = YES;
				GCC_OPTIMIZATION_LEVEL = 0;
				GCC_PREPROCESSOR_DEFINITIONS = (
					"DEBUG=1",
					"$(inherited)",
				);
				GCC_WARN_64_TO_32_BIT_CONVERSION = YES;
				GCC_WARN_ABOUT_RETURN_TYPE = YES_ERROR;
				GCC_WARN_UNDECLARED_SELECTOR = YES;
				GCC_WARN_UNINITIALIZED_AUTOS = YES_AGGRESSIVE;
				GCC_WARN_UNUSED_FUNCTION = YES;
				GCC_WARN_UNUSED_VARIABLE = YES;
				IPHONEOS_DEPLOYMENT_TARGET = 14.5;
				MTL_ENABLE_DEBUG_INFO = INCLUDE_SOURCE;
				MTL_FAST_MATH = YES;
				ONLY_ACTIVE_ARCH = YES;
				SDKROOT = iphoneos;
				SWIFT_ACTIVE_COMPILATION_CONDITIONS = DEBUG;
				SWIFT_OPTIMIZATION_LEVEL = "-Onone";
			};
			name = Debug;
		};
		DA4CBC0C26A7285A005E0C0E /* Release */ = {
			isa = XCBuildConfiguration;
			buildSettings = {
				ALWAYS_SEARCH_USER_PATHS = NO;
				CLANG_ANALYZER_NONNULL = YES;
				CLANG_ANALYZER_NUMBER_OBJECT_CONVERSION = YES_AGGRESSIVE;
				CLANG_CXX_LANGUAGE_STANDARD = "gnu++14";
				CLANG_CXX_LIBRARY = "libc++";
				CLANG_ENABLE_MODULES = YES;
				CLANG_ENABLE_OBJC_ARC = YES;
				CLANG_ENABLE_OBJC_WEAK = YES;
				CLANG_WARN_BLOCK_CAPTURE_AUTORELEASING = YES;
				CLANG_WARN_BOOL_CONVERSION = YES;
				CLANG_WARN_COMMA = YES;
				CLANG_WARN_CONSTANT_CONVERSION = YES;
				CLANG_WARN_DEPRECATED_OBJC_IMPLEMENTATIONS = YES;
				CLANG_WARN_DIRECT_OBJC_ISA_USAGE = YES_ERROR;
				CLANG_WARN_DOCUMENTATION_COMMENTS = YES;
				CLANG_WARN_EMPTY_BODY = YES;
				CLANG_WARN_ENUM_CONVERSION = YES;
				CLANG_WARN_INFINITE_RECURSION = YES;
				CLANG_WARN_INT_CONVERSION = YES;
				CLANG_WARN_NON_LITERAL_NULL_CONVERSION = YES;
				CLANG_WARN_OBJC_IMPLICIT_RETAIN_SELF = YES;
				CLANG_WARN_OBJC_LITERAL_CONVERSION = YES;
				CLANG_WARN_OBJC_ROOT_CLASS = YES_ERROR;
				CLANG_WARN_QUOTED_INCLUDE_IN_FRAMEWORK_HEADER = YES;
				CLANG_WARN_RANGE_LOOP_ANALYSIS = YES;
				CLANG_WARN_STRICT_PROTOTYPES = YES;
				CLANG_WARN_SUSPICIOUS_MOVE = YES;
				CLANG_WARN_UNGUARDED_AVAILABILITY = YES_AGGRESSIVE;
				CLANG_WARN_UNREACHABLE_CODE = YES;
				CLANG_WARN__DUPLICATE_METHOD_MATCH = YES;
				COPY_PHASE_STRIP = NO;
				DEBUG_INFORMATION_FORMAT = "dwarf-with-dsym";
				ENABLE_NS_ASSERTIONS = NO;
				ENABLE_STRICT_OBJC_MSGSEND = YES;
				GCC_C_LANGUAGE_STANDARD = gnu11;
				GCC_NO_COMMON_BLOCKS = YES;
				GCC_WARN_64_TO_32_BIT_CONVERSION = YES;
				GCC_WARN_ABOUT_RETURN_TYPE = YES_ERROR;
				GCC_WARN_UNDECLARED_SELECTOR = YES;
				GCC_WARN_UNINITIALIZED_AUTOS = YES_AGGRESSIVE;
				GCC_WARN_UNUSED_FUNCTION = YES;
				GCC_WARN_UNUSED_VARIABLE = YES;
				IPHONEOS_DEPLOYMENT_TARGET = 14.5;
				MTL_ENABLE_DEBUG_INFO = NO;
				MTL_FAST_MATH = YES;
				SDKROOT = iphoneos;
				SWIFT_COMPILATION_MODE = wholemodule;
				SWIFT_OPTIMIZATION_LEVEL = "-O";
				VALIDATE_PRODUCT = YES;
			};
			name = Release;
		};
		DA4CBC0E26A7285A005E0C0E /* Debug */ = {
			isa = XCBuildConfiguration;
			buildSettings = {
				ASSETCATALOG_COMPILER_APPICON_NAME = AppIcon;
				ASSETCATALOG_COMPILER_GLOBAL_ACCENT_COLOR_NAME = AccentColor;
				CODE_SIGN_STYLE = Automatic;
				INFOPLIST_FILE = ReadWrite/Info.plist;
				LD_RUNPATH_SEARCH_PATHS = (
					"$(inherited)",
					"@executable_path/Frameworks",
				);
				PRODUCT_BUNDLE_IDENTIFIER = com.lankford.ReadWrite;
				PRODUCT_NAME = "$(TARGET_NAME)";
				SWIFT_VERSION = 5.0;
				TARGETED_DEVICE_FAMILY = "1,2";
			};
			name = Debug;
		};
		DA4CBC0F26A7285A005E0C0E /* Release */ = {
			isa = XCBuildConfiguration;
			buildSettings = {
				ASSETCATALOG_COMPILER_APPICON_NAME = AppIcon;
				ASSETCATALOG_COMPILER_GLOBAL_ACCENT_COLOR_NAME = AccentColor;
				CODE_SIGN_STYLE = Automatic;
				INFOPLIST_FILE = ReadWrite/Info.plist;
				LD_RUNPATH_SEARCH_PATHS = (
					"$(inherited)",
					"@executable_path/Frameworks",
				);
				PRODUCT_BUNDLE_IDENTIFIER = com.lankford.ReadWrite;
				PRODUCT_NAME = "$(TARGET_NAME)";
				SWIFT_VERSION = 5.0;
				TARGETED_DEVICE_FAMILY = "1,2";
			};
			name = Release;
		};
		DA4CBC1126A7285A005E0C0E /* Debug */ = {
			isa = XCBuildConfiguration;
			buildSettings = {
				ALWAYS_EMBED_SWIFT_STANDARD_LIBRARIES = YES;
				BUNDLE_LOADER = "$(TEST_HOST)";
				CODE_SIGN_STYLE = Automatic;
				INFOPLIST_FILE = ReadWriteTests/Info.plist;
				IPHONEOS_DEPLOYMENT_TARGET = 14.5;
				LD_RUNPATH_SEARCH_PATHS = (
					"$(inherited)",
					"@executable_path/Frameworks",
					"@loader_path/Frameworks",
				);
				PRODUCT_BUNDLE_IDENTIFIER = com.lankford.ReadWriteTests;
				PRODUCT_NAME = "$(TARGET_NAME)";
				SWIFT_VERSION = 5.0;
				TARGETED_DEVICE_FAMILY = "1,2";
				TEST_HOST = "$(BUILT_PRODUCTS_DIR)/ReadWrite.app/ReadWrite";
			};
			name = Debug;
		};
		DA4CBC1226A7285A005E0C0E /* Release */ = {
			isa = XCBuildConfiguration;
			buildSettings = {
				ALWAYS_EMBED_SWIFT_STANDARD_LIBRARIES = YES;
				BUNDLE_LOADER = "$(TEST_HOST)";
				CODE_SIGN_STYLE = Automatic;
				INFOPLIST_FILE = ReadWriteTests/Info.plist;
				IPHONEOS_DEPLOYMENT_TARGET = 14.5;
				LD_RUNPATH_SEARCH_PATHS = (
					"$(inherited)",
					"@executable_path/Frameworks",
					"@loader_path/Frameworks",
				);
				PRODUCT_BUNDLE_IDENTIFIER = com.lankford.ReadWriteTests;
				PRODUCT_NAME = "$(TARGET_NAME)";
				SWIFT_VERSION = 5.0;
				TARGETED_DEVICE_FAMILY = "1,2";
				TEST_HOST = "$(BUILT_PRODUCTS_DIR)/ReadWrite.app/ReadWrite";
			};
			name = Release;
		};
		DA4CBC1426A7285A005E0C0E /* Debug */ = {
			isa = XCBuildConfiguration;
			buildSettings = {
				ALWAYS_EMBED_SWIFT_STANDARD_LIBRARIES = YES;
				CODE_SIGN_STYLE = Automatic;
				INFOPLIST_FILE = ReadWriteUITests/Info.plist;
				LD_RUNPATH_SEARCH_PATHS = (
					"$(inherited)",
					"@executable_path/Frameworks",
					"@loader_path/Frameworks",
				);
				PRODUCT_BUNDLE_IDENTIFIER = com.lankford.ReadWriteUITests;
				PRODUCT_NAME = "$(TARGET_NAME)";
				SWIFT_VERSION = 5.0;
				TARGETED_DEVICE_FAMILY = "1,2";
				TEST_TARGET_NAME = ReadWrite;
			};
			name = Debug;
		};
		DA4CBC1526A7285A005E0C0E /* Release */ = {
			isa = XCBuildConfiguration;
			buildSettings = {
				ALWAYS_EMBED_SWIFT_STANDARD_LIBRARIES = YES;
				CODE_SIGN_STYLE = Automatic;
				INFOPLIST_FILE = ReadWriteUITests/Info.plist;
				LD_RUNPATH_SEARCH_PATHS = (
					"$(inherited)",
					"@executable_path/Frameworks",
					"@loader_path/Frameworks",
				);
				PRODUCT_BUNDLE_IDENTIFIER = com.lankford.ReadWriteUITests;
				PRODUCT_NAME = "$(TARGET_NAME)";
				SWIFT_VERSION = 5.0;
				TARGETED_DEVICE_FAMILY = "1,2";
				TEST_TARGET_NAME = ReadWrite;
			};
			name = Release;
		};
/* End XCBuildConfiguration section */

/* Begin XCConfigurationList section */
		DA4CBBDE26A72850005E0C0E /* Build configuration list for PBXProject "ReadWrite" */ = {
			isa = XCConfigurationList;
			buildConfigurations = (
				DA4CBC0B26A7285A005E0C0E /* Debug */,
				DA4CBC0C26A7285A005E0C0E /* Release */,
			);
			defaultConfigurationIsVisible = 0;
			defaultConfigurationName = Release;
		};
		DA4CBC0D26A7285A005E0C0E /* Build configuration list for PBXNativeTarget "ReadWrite" */ = {
			isa = XCConfigurationList;
			buildConfigurations = (
				DA4CBC0E26A7285A005E0C0E /* Debug */,
				DA4CBC0F26A7285A005E0C0E /* Release */,
			);
			defaultConfigurationIsVisible = 0;
			defaultConfigurationName = Release;
		};
		DA4CBC1026A7285A005E0C0E /* Build configuration list for PBXNativeTarget "ReadWriteTests" */ = {
			isa = XCConfigurationList;
			buildConfigurations = (
				DA4CBC1126A7285A005E0C0E /* Debug */,
				DA4CBC1226A7285A005E0C0E /* Release */,
			);
			defaultConfigurationIsVisible = 0;
			defaultConfigurationName = Release;
		};
		DA4CBC1326A7285A005E0C0E /* Build configuration list for PBXNativeTarget "ReadWriteUITests" */ = {
			isa = XCConfigurationList;
			buildConfigurations = (
				DA4CBC1426A7285A005E0C0E /* Debug */,
				DA4CBC1526A7285A005E0C0E /* Release */,
			);
			defaultConfigurationIsVisible = 0;
			defaultConfigurationName = Release;
		};
/* End XCConfigurationList section */
	};
	rootObject = DA4CBBDB26A72850005E0C0E /* Project object */;
}
