// !$*UTF8*$!
{
	archiveVersion = 1;
	classes = {
	};
	objectVersion = 50;
	objects = {

/* Begin PBXBuildFile section */
		DA572C6326A62DE600B7E093 /* InformationViewController.swift in Sources */ = {isa = PBXBuildFile; fileRef = DA572C6226A62DE600B7E093 /* InformationViewController.swift */; };
		DA572C6526A62E2D00B7E093 /* AddInfoViewController.swift in Sources */ = {isa = PBXBuildFile; fileRef = DA572C6426A62E2D00B7E093 /* AddInfoViewController.swift */; };
		DAB5ADB226A258CB002CA4AC /* AppDelegate.swift in Sources */ = {isa = PBXBuildFile; fileRef = DAB5ADB126A258CB002CA4AC /* AppDelegate.swift */; };
		DAB5ADB426A258CB002CA4AC /* SceneDelegate.swift in Sources */ = {isa = PBXBuildFile; fileRef = DAB5ADB326A258CB002CA4AC /* SceneDelegate.swift */; };
		DAB5ADB626A258CB002CA4AC /* ViewController.swift in Sources */ = {isa = PBXBuildFile; fileRef = DAB5ADB526A258CB002CA4AC /* ViewController.swift */; };
		DAB5ADB926A258CB002CA4AC /* Main.storyboard in Resources */ = {isa = PBXBuildFile; fileRef = DAB5ADB726A258CB002CA4AC /* Main.storyboard */; };
		DAB5ADBB26A258CD002CA4AC /* Assets.xcassets in Resources */ = {isa = PBXBuildFile; fileRef = DAB5ADBA26A258CD002CA4AC /* Assets.xcassets */; };
		DAB5ADBE26A258CD002CA4AC /* LaunchScreen.storyboard in Resources */ = {isa = PBXBuildFile; fileRef = DAB5ADBC26A258CD002CA4AC /* LaunchScreen.storyboard */; };
		DAB5ADC926A258CD002CA4AC /* Assignment_3Tests.swift in Sources */ = {isa = PBXBuildFile; fileRef = DAB5ADC826A258CD002CA4AC /* Assignment_3Tests.swift */; };
		DAB5ADD426A258CD002CA4AC /* Assignment_3UITests.swift in Sources */ = {isa = PBXBuildFile; fileRef = DAB5ADD326A258CD002CA4AC /* Assignment_3UITests.swift */; };
		DAB5ADE226A267AA002CA4AC /* WelcomeViewController.swift in Sources */ = {isa = PBXBuildFile; fileRef = DAB5ADE126A267AA002CA4AC /* WelcomeViewController.swift */; };
		DAB5ADE426A267F6002CA4AC /* EnterAppViewController.swift in Sources */ = {isa = PBXBuildFile; fileRef = DAB5ADE326A267F6002CA4AC /* EnterAppViewController.swift */; };
		DAB5ADE826A48B27002CA4AC /* ServiceViewController.swift in Sources */ = {isa = PBXBuildFile; fileRef = DAB5ADE726A48B27002CA4AC /* ServiceViewController.swift */; };
		DAB5ADEA26A4A374002CA4AC /* DepositViewController.swift in Sources */ = {isa = PBXBuildFile; fileRef = DAB5ADE926A4A374002CA4AC /* DepositViewController.swift */; };
		DAB5ADEC26A4A3C4002CA4AC /* WithdrawViewController.swift in Sources */ = {isa = PBXBuildFile; fileRef = DAB5ADEB26A4A3C4002CA4AC /* WithdrawViewController.swift */; };
		DAB5ADEE26A4A428002CA4AC /* BalanceViewController.swift in Sources */ = {isa = PBXBuildFile; fileRef = DAB5ADED26A4A428002CA4AC /* BalanceViewController.swift */; };
		DAB5ADF026A4A48A002CA4AC /* TransactionViewController.swift in Sources */ = {isa = PBXBuildFile; fileRef = DAB5ADEF26A4A48A002CA4AC /* TransactionViewController.swift */; };
		DAB5ADF226A4ABF9002CA4AC /* Depo.swift in Sources */ = {isa = PBXBuildFile; fileRef = DAB5ADF126A4ABF9002CA4AC /* Depo.swift */; };
		DAB5ADF426A4B54D002CA4AC /* Withdrawal.swift in Sources */ = {isa = PBXBuildFile; fileRef = DAB5ADF326A4B54D002CA4AC /* Withdrawal.swift */; };
		DAB5ADF826A50E38002CA4AC /* Transaction History.swift in Sources */ = {isa = PBXBuildFile; fileRef = DAB5ADF726A50E38002CA4AC /* Transaction History.swift */; };
		DAE939A526A5D9FA008A9362 /* Trasaction HistoryDB.swift in Sources */ = {isa = PBXBuildFile; fileRef = DAE939A426A5D9FA008A9362 /* Trasaction HistoryDB.swift */; };
/* End PBXBuildFile section */

/* Begin PBXContainerItemProxy section */
		DAB5ADC526A258CD002CA4AC /* PBXContainerItemProxy */ = {
			isa = PBXContainerItemProxy;
			containerPortal = DAB5ADA626A258CB002CA4AC /* Project object */;
			proxyType = 1;
			remoteGlobalIDString = DAB5ADAD26A258CB002CA4AC;
			remoteInfo = "Assignment 3";
		};
		DAB5ADD026A258CD002CA4AC /* PBXContainerItemProxy */ = {
			isa = PBXContainerItemProxy;
			containerPortal = DAB5ADA626A258CB002CA4AC /* Project object */;
			proxyType = 1;
			remoteGlobalIDString = DAB5ADAD26A258CB002CA4AC;
			remoteInfo = "Assignment 3";
		};
/* End PBXContainerItemProxy section */

/* Begin PBXFileReference section */
		DA572C6226A62DE600B7E093 /* InformationViewController.swift */ = {isa = PBXFileReference; lastKnownFileType = sourcecode.swift; path = InformationViewController.swift; sourceTree = "<group>"; };
		DA572C6426A62E2D00B7E093 /* AddInfoViewController.swift */ = {isa = PBXFileReference; lastKnownFileType = sourcecode.swift; path = AddInfoViewController.swift; sourceTree = "<group>"; };
		DAB5ADAE26A258CB002CA4AC /* Assignment 3.app */ = {isa = PBXFileReference; explicitFileType = wrapper.application; includeInIndex = 0; path = "Assignment 3.app"; sourceTree = BUILT_PRODUCTS_DIR; };
		DAB5ADB126A258CB002CA4AC /* AppDelegate.swift */ = {isa = PBXFileReference; lastKnownFileType = sourcecode.swift; path = AppDelegate.swift; sourceTree = "<group>"; };
		DAB5ADB326A258CB002CA4AC /* SceneDelegate.swift */ = {isa = PBXFileReference; lastKnownFileType = sourcecode.swift; path = SceneDelegate.swift; sourceTree = "<group>"; };
		DAB5ADB526A258CB002CA4AC /* ViewController.swift */ = {isa = PBXFileReference; lastKnownFileType = sourcecode.swift; path = ViewController.swift; sourceTree = "<group>"; };
		DAB5ADB826A258CB002CA4AC /* Base */ = {isa = PBXFileReference; lastKnownFileType = file.storyboard; name = Base; path = Base.lproj/Main.storyboard; sourceTree = "<group>"; };
		DAB5ADBA26A258CD002CA4AC /* Assets.xcassets */ = {isa = PBXFileReference; lastKnownFileType = folder.assetcatalog; path = Assets.xcassets; sourceTree = "<group>"; };
		DAB5ADBD26A258CD002CA4AC /* Base */ = {isa = PBXFileReference; lastKnownFileType = file.storyboard; name = Base; path = Base.lproj/LaunchScreen.storyboard; sourceTree = "<group>"; };
		DAB5ADBF26A258CD002CA4AC /* Info.plist */ = {isa = PBXFileReference; lastKnownFileType = text.plist.xml; path = Info.plist; sourceTree = "<group>"; };
		DAB5ADC426A258CD002CA4AC /* Assignment 3Tests.xctest */ = {isa = PBXFileReference; explicitFileType = wrapper.cfbundle; includeInIndex = 0; path = "Assignment 3Tests.xctest"; sourceTree = BUILT_PRODUCTS_DIR; };
		DAB5ADC826A258CD002CA4AC /* Assignment_3Tests.swift */ = {isa = PBXFileReference; lastKnownFileType = sourcecode.swift; path = Assignment_3Tests.swift; sourceTree = "<group>"; };
		DAB5ADCA26A258CD002CA4AC /* Info.plist */ = {isa = PBXFileReference; lastKnownFileType = text.plist.xml; path = Info.plist; sourceTree = "<group>"; };
		DAB5ADCF26A258CD002CA4AC /* Assignment 3UITests.xctest */ = {isa = PBXFileReference; explicitFileType = wrapper.cfbundle; includeInIndex = 0; path = "Assignment 3UITests.xctest"; sourceTree = BUILT_PRODUCTS_DIR; };
		DAB5ADD326A258CD002CA4AC /* Assignment_3UITests.swift */ = {isa = PBXFileReference; lastKnownFileType = sourcecode.swift; path = Assignment_3UITests.swift; sourceTree = "<group>"; };
		DAB5ADD526A258CD002CA4AC /* Info.plist */ = {isa = PBXFileReference; lastKnownFileType = text.plist.xml; path = Info.plist; sourceTree = "<group>"; };
		DAB5ADE126A267AA002CA4AC /* WelcomeViewController.swift */ = {isa = PBXFileReference; lastKnownFileType = sourcecode.swift; path = WelcomeViewController.swift; sourceTree = "<group>"; };
		DAB5ADE326A267F6002CA4AC /* EnterAppViewController.swift */ = {isa = PBXFileReference; lastKnownFileType = sourcecode.swift; path = EnterAppViewController.swift; sourceTree = "<group>"; };
		DAB5ADE726A48B27002CA4AC /* ServiceViewController.swift */ = {isa = PBXFileReference; lastKnownFileType = sourcecode.swift; path = ServiceViewController.swift; sourceTree = "<group>"; };
		DAB5ADE926A4A374002CA4AC /* DepositViewController.swift */ = {isa = PBXFileReference; lastKnownFileType = sourcecode.swift; path = DepositViewController.swift; sourceTree = "<group>"; };
		DAB5ADEB26A4A3C4002CA4AC /* WithdrawViewController.swift */ = {isa = PBXFileReference; lastKnownFileType = sourcecode.swift; path = WithdrawViewController.swift; sourceTree = "<group>"; };
		DAB5ADED26A4A428002CA4AC /* BalanceViewController.swift */ = {isa = PBXFileReference; lastKnownFileType = sourcecode.swift; path = BalanceViewController.swift; sourceTree = "<group>"; };
		DAB5ADEF26A4A48A002CA4AC /* TransactionViewController.swift */ = {isa = PBXFileReference; lastKnownFileType = sourcecode.swift; path = TransactionViewController.swift; sourceTree = "<group>"; };
		DAB5ADF126A4ABF9002CA4AC /* Depo.swift */ = {isa = PBXFileReference; lastKnownFileType = sourcecode.swift; path = Depo.swift; sourceTree = "<group>"; };
		DAB5ADF326A4B54D002CA4AC /* Withdrawal.swift */ = {isa = PBXFileReference; lastKnownFileType = sourcecode.swift; path = Withdrawal.swift; sourceTree = "<group>"; };
		DAB5ADF726A50E38002CA4AC /* Transaction History.swift */ = {isa = PBXFileReference; lastKnownFileType = sourcecode.swift; path = "Transaction History.swift"; sourceTree = "<group>"; };
		DAE939A426A5D9FA008A9362 /* Trasaction HistoryDB.swift */ = {isa = PBXFileReference; lastKnownFileType = sourcecode.swift; path = "Trasaction HistoryDB.swift"; sourceTree = "<group>"; };
/* End PBXFileReference section */

/* Begin PBXFrameworksBuildPhase section */
		DAB5ADAB26A258CB002CA4AC /* Frameworks */ = {
			isa = PBXFrameworksBuildPhase;
			buildActionMask = 2147483647;
			files = (
			);
			runOnlyForDeploymentPostprocessing = 0;
		};
		DAB5ADC126A258CD002CA4AC /* Frameworks */ = {
			isa = PBXFrameworksBuildPhase;
			buildActionMask = 2147483647;
			files = (
			);
			runOnlyForDeploymentPostprocessing = 0;
		};
		DAB5ADCC26A258CD002CA4AC /* Frameworks */ = {
			isa = PBXFrameworksBuildPhase;
			buildActionMask = 2147483647;
			files = (
			);
			runOnlyForDeploymentPostprocessing = 0;
		};
/* End PBXFrameworksBuildPhase section */

/* Begin PBXGroup section */
		DAB5ADA526A258CB002CA4AC = {
			isa = PBXGroup;
			children = (
				DAB5ADB026A258CB002CA4AC /* Assignment 3 */,
				DAB5ADC726A258CD002CA4AC /* Assignment 3Tests */,
				DAB5ADD226A258CD002CA4AC /* Assignment 3UITests */,
				DAB5ADAF26A258CB002CA4AC /* Products */,
			);
			sourceTree = "<group>";
		};
		DAB5ADAF26A258CB002CA4AC /* Products */ = {
			isa = PBXGroup;
			children = (
				DAB5ADAE26A258CB002CA4AC /* Assignment 3.app */,
				DAB5ADC426A258CD002CA4AC /* Assignment 3Tests.xctest */,
				DAB5ADCF26A258CD002CA4AC /* Assignment 3UITests.xctest */,
			);
			name = Products;
			sourceTree = "<group>";
		};
		DAB5ADB026A258CB002CA4AC /* Assignment 3 */ = {
			isa = PBXGroup;
			children = (
				DAB5ADB126A258CB002CA4AC /* AppDelegate.swift */,
				DAB5ADB326A258CB002CA4AC /* SceneDelegate.swift */,
				DAB5ADB526A258CB002CA4AC /* ViewController.swift */,
				DAB5ADB726A258CB002CA4AC /* Main.storyboard */,
				DAB5ADBA26A258CD002CA4AC /* Assets.xcassets */,
				DAB5ADBC26A258CD002CA4AC /* LaunchScreen.storyboard */,
				DAB5ADBF26A258CD002CA4AC /* Info.plist */,
				DAB5ADE126A267AA002CA4AC /* WelcomeViewController.swift */,
				DAB5ADE326A267F6002CA4AC /* EnterAppViewController.swift */,
				DAB5ADE726A48B27002CA4AC /* ServiceViewController.swift */,
				DAB5ADE926A4A374002CA4AC /* DepositViewController.swift */,
				DAB5ADEB26A4A3C4002CA4AC /* WithdrawViewController.swift */,
				DAB5ADED26A4A428002CA4AC /* BalanceViewController.swift */,
				DAB5ADEF26A4A48A002CA4AC /* TransactionViewController.swift */,
				DAB5ADF126A4ABF9002CA4AC /* Depo.swift */,
				DAB5ADF326A4B54D002CA4AC /* Withdrawal.swift */,
				DAB5ADF726A50E38002CA4AC /* Transaction History.swift */,
				DAE939A426A5D9FA008A9362 /* Trasaction HistoryDB.swift */,
				DA572C6226A62DE600B7E093 /* InformationViewController.swift */,
				DA572C6426A62E2D00B7E093 /* AddInfoViewController.swift */,
			);
			path = "Assignment 3";
			sourceTree = "<group>";
		};
		DAB5ADC726A258CD002CA4AC /* Assignment 3Tests */ = {
			isa = PBXGroup;
			children = (
				DAB5ADC826A258CD002CA4AC /* Assignment_3Tests.swift */,
				DAB5ADCA26A258CD002CA4AC /* Info.plist */,
			);
			path = "Assignment 3Tests";
			sourceTree = "<group>";
		};
		DAB5ADD226A258CD002CA4AC /* Assignment 3UITests */ = {
			isa = PBXGroup;
			children = (
				DAB5ADD326A258CD002CA4AC /* Assignment_3UITests.swift */,
				DAB5ADD526A258CD002CA4AC /* Info.plist */,
			);
			path = "Assignment 3UITests";
			sourceTree = "<group>";
		};
/* End PBXGroup section */

/* Begin PBXNativeTarget section */
		DAB5ADAD26A258CB002CA4AC /* Assignment 3 */ = {
			isa = PBXNativeTarget;
			buildConfigurationList = DAB5ADD826A258CD002CA4AC /* Build configuration list for PBXNativeTarget "Assignment 3" */;
			buildPhases = (
				DAB5ADAA26A258CB002CA4AC /* Sources */,
				DAB5ADAB26A258CB002CA4AC /* Frameworks */,
				DAB5ADAC26A258CB002CA4AC /* Resources */,
			);
			buildRules = (
			);
			dependencies = (
			);
			name = "Assignment 3";
			productName = "Assignment 3";
			productReference = DAB5ADAE26A258CB002CA4AC /* Assignment 3.app */;
			productType = "com.apple.product-type.application";
		};
		DAB5ADC326A258CD002CA4AC /* Assignment 3Tests */ = {
			isa = PBXNativeTarget;
			buildConfigurationList = DAB5ADDB26A258CD002CA4AC /* Build configuration list for PBXNativeTarget "Assignment 3Tests" */;
			buildPhases = (
				DAB5ADC026A258CD002CA4AC /* Sources */,
				DAB5ADC126A258CD002CA4AC /* Frameworks */,
				DAB5ADC226A258CD002CA4AC /* Resources */,
			);
			buildRules = (
			);
			dependencies = (
				DAB5ADC626A258CD002CA4AC /* PBXTargetDependency */,
			);
			name = "Assignment 3Tests";
			productName = "Assignment 3Tests";
			productReference = DAB5ADC426A258CD002CA4AC /* Assignment 3Tests.xctest */;
			productType = "com.apple.product-type.bundle.unit-test";
		};
		DAB5ADCE26A258CD002CA4AC /* Assignment 3UITests */ = {
			isa = PBXNativeTarget;
			buildConfigurationList = DAB5ADDE26A258CD002CA4AC /* Build configuration list for PBXNativeTarget "Assignment 3UITests" */;
			buildPhases = (
				DAB5ADCB26A258CD002CA4AC /* Sources */,
				DAB5ADCC26A258CD002CA4AC /* Frameworks */,
				DAB5ADCD26A258CD002CA4AC /* Resources */,
			);
			buildRules = (
			);
			dependencies = (
				DAB5ADD126A258CD002CA4AC /* PBXTargetDependency */,
			);
			name = "Assignment 3UITests";
			productName = "Assignment 3UITests";
			productReference = DAB5ADCF26A258CD002CA4AC /* Assignment 3UITests.xctest */;
			productType = "com.apple.product-type.bundle.ui-testing";
		};
/* End PBXNativeTarget section */

/* Begin PBXProject section */
		DAB5ADA626A258CB002CA4AC /* Project object */ = {
			isa = PBXProject;
			attributes = {
				LastSwiftUpdateCheck = 1250;
				LastUpgradeCheck = 1250;
				TargetAttributes = {
					DAB5ADAD26A258CB002CA4AC = {
						CreatedOnToolsVersion = 12.5;
					};
					DAB5ADC326A258CD002CA4AC = {
						CreatedOnToolsVersion = 12.5;
						TestTargetID = DAB5ADAD26A258CB002CA4AC;
					};
					DAB5ADCE26A258CD002CA4AC = {
						CreatedOnToolsVersion = 12.5;
						TestTargetID = DAB5ADAD26A258CB002CA4AC;
					};
				};
			};
			buildConfigurationList = DAB5ADA926A258CB002CA4AC /* Build configuration list for PBXProject "Assignment 3" */;
			compatibilityVersion = "Xcode 9.3";
			developmentRegion = en;
			hasScannedForEncodings = 0;
			knownRegions = (
				en,
				Base,
			);
			mainGroup = DAB5ADA526A258CB002CA4AC;
			productRefGroup = DAB5ADAF26A258CB002CA4AC /* Products */;
			projectDirPath = "";
			projectRoot = "";
			targets = (
				DAB5ADAD26A258CB002CA4AC /* Assignment 3 */,
				DAB5ADC326A258CD002CA4AC /* Assignment 3Tests */,
				DAB5ADCE26A258CD002CA4AC /* Assignment 3UITests */,
			);
		};
/* End PBXProject section */

/* Begin PBXResourcesBuildPhase section */
		DAB5ADAC26A258CB002CA4AC /* Resources */ = {
			isa = PBXResourcesBuildPhase;
			buildActionMask = 2147483647;
			files = (
				DAB5ADBE26A258CD002CA4AC /* LaunchScreen.storyboard in Resources */,
				DAB5ADBB26A258CD002CA4AC /* Assets.xcassets in Resources */,
				DAB5ADB926A258CB002CA4AC /* Main.storyboard in Resources */,
			);
			runOnlyForDeploymentPostprocessing = 0;
		};
		DAB5ADC226A258CD002CA4AC /* Resources */ = {
			isa = PBXResourcesBuildPhase;
			buildActionMask = 2147483647;
			files = (
			);
			runOnlyForDeploymentPostprocessing = 0;
		};
		DAB5ADCD26A258CD002CA4AC /* Resources */ = {
			isa = PBXResourcesBuildPhase;
			buildActionMask = 2147483647;
			files = (
			);
			runOnlyForDeploymentPostprocessing = 0;
		};
/* End PBXResourcesBuildPhase section */

/* Begin PBXSourcesBuildPhase section */
		DAB5ADAA26A258CB002CA4AC /* Sources */ = {
			isa = PBXSourcesBuildPhase;
			buildActionMask = 2147483647;
			files = (
				DAB5ADB626A258CB002CA4AC /* ViewController.swift in Sources */,
				DAB5ADF826A50E38002CA4AC /* Transaction History.swift in Sources */,
				DAB5ADE226A267AA002CA4AC /* WelcomeViewController.swift in Sources */,
				DAB5ADE426A267F6002CA4AC /* EnterAppViewController.swift in Sources */,
				DAB5ADE826A48B27002CA4AC /* ServiceViewController.swift in Sources */,
				DAB5ADF226A4ABF9002CA4AC /* Depo.swift in Sources */,
				DAB5ADEA26A4A374002CA4AC /* DepositViewController.swift in Sources */,
				DAE939A526A5D9FA008A9362 /* Trasaction HistoryDB.swift in Sources */,
				DAB5ADB226A258CB002CA4AC /* AppDelegate.swift in Sources */,
				DAB5ADEE26A4A428002CA4AC /* BalanceViewController.swift in Sources */,
				DA572C6526A62E2D00B7E093 /* AddInfoViewController.swift in Sources */,
				DAB5ADF026A4A48A002CA4AC /* TransactionViewController.swift in Sources */,
				DAB5ADEC26A4A3C4002CA4AC /* WithdrawViewController.swift in Sources */,
				DAB5ADB426A258CB002CA4AC /* SceneDelegate.swift in Sources */,
				DAB5ADF426A4B54D002CA4AC /* Withdrawal.swift in Sources */,
				DA572C6326A62DE600B7E093 /* InformationViewController.swift in Sources */,
			);
			runOnlyForDeploymentPostprocessing = 0;
		};
		DAB5ADC026A258CD002CA4AC /* Sources */ = {
			isa = PBXSourcesBuildPhase;
			buildActionMask = 2147483647;
			files = (
				DAB5ADC926A258CD002CA4AC /* Assignment_3Tests.swift in Sources */,
			);
			runOnlyForDeploymentPostprocessing = 0;
		};
		DAB5ADCB26A258CD002CA4AC /* Sources */ = {
			isa = PBXSourcesBuildPhase;
			buildActionMask = 2147483647;
			files = (
				DAB5ADD426A258CD002CA4AC /* Assignment_3UITests.swift in Sources */,
			);
			runOnlyForDeploymentPostprocessing = 0;
		};
/* End PBXSourcesBuildPhase section */

/* Begin PBXTargetDependency section */
		DAB5ADC626A258CD002CA4AC /* PBXTargetDependency */ = {
			isa = PBXTargetDependency;
			target = DAB5ADAD26A258CB002CA4AC /* Assignment 3 */;
			targetProxy = DAB5ADC526A258CD002CA4AC /* PBXContainerItemProxy */;
		};
		DAB5ADD126A258CD002CA4AC /* PBXTargetDependency */ = {
			isa = PBXTargetDependency;
			target = DAB5ADAD26A258CB002CA4AC /* Assignment 3 */;
			targetProxy = DAB5ADD026A258CD002CA4AC /* PBXContainerItemProxy */;
		};
/* End PBXTargetDependency section */

/* Begin PBXVariantGroup section */
		DAB5ADB726A258CB002CA4AC /* Main.storyboard */ = {
			isa = PBXVariantGroup;
			children = (
				DAB5ADB826A258CB002CA4AC /* Base */,
			);
			name = Main.storyboard;
			sourceTree = "<group>";
		};
		DAB5ADBC26A258CD002CA4AC /* LaunchScreen.storyboard */ = {
			isa = PBXVariantGroup;
			children = (
				DAB5ADBD26A258CD002CA4AC /* Base */,
			);
			name = LaunchScreen.storyboard;
			sourceTree = "<group>";
		};
/* End PBXVariantGroup section */

/* Begin XCBuildConfiguration section */
		DAB5ADD626A258CD002CA4AC /* Debug */ = {
			isa = XCBuildConfiguration;
			buildSettings = {
				ALWAYS_SEARCH_USER_PATHS = NO;
				CLANG_ANALYZER_NONNULL = YES;
				CLANG_ANALYZER_NUMBER_OBJECT_CONVERSION = YES_AGGRESSIVE;
				CLANG_CXX_LANGUAGE_STANDARD = "gnu++14";
				CLANG_CXX_LIBRARY = "libc++";
				CLANG_ENABLE_MODULES = YES;
				CLANG_ENABLE_OBJC_ARC = YES;
				CLANG_ENABLE_OBJC_WEAK = YES;
				CLANG_WARN_BLOCK_CAPTURE_AUTORELEASING = YES;
				CLANG_WARN_BOOL_CONVERSION = YES;
				CLANG_WARN_COMMA = YES;
				CLANG_WARN_CONSTANT_CONVERSION = YES;
				CLANG_WARN_DEPRECATED_OBJC_IMPLEMENTATIONS = YES;
				CLANG_WARN_DIRECT_OBJC_ISA_USAGE = YES_ERROR;
				CLANG_WARN_DOCUMENTATION_COMMENTS = YES;
				CLANG_WARN_EMPTY_BODY = YES;
				CLANG_WARN_ENUM_CONVERSION = YES;
				CLANG_WARN_INFINITE_RECURSION = YES;
				CLANG_WARN_INT_CONVERSION = YES;
				CLANG_WARN_NON_LITERAL_NULL_CONVERSION = YES;
				CLANG_WARN_OBJC_IMPLICIT_RETAIN_SELF = YES;
				CLANG_WARN_OBJC_LITERAL_CONVERSION = YES;
				CLANG_WARN_OBJC_ROOT_CLASS = YES_ERROR;
				CLANG_WARN_QUOTED_INCLUDE_IN_FRAMEWORK_HEADER = YES;
				CLANG_WARN_RANGE_LOOP_ANALYSIS = YES;
				CLANG_WARN_STRICT_PROTOTYPES = YES;
				CLANG_WARN_SUSPICIOUS_MOVE = YES;
				CLANG_WARN_UNGUARDED_AVAILABILITY = YES_AGGRESSIVE;
				CLANG_WARN_UNREACHABLE_CODE = YES;
				CLANG_WARN__DUPLICATE_METHOD_MATCH = YES;
				COPY_PHASE_STRIP = NO;
				DEBUG_INFORMATION_FORMAT = dwarf;
				ENABLE_STRICT_OBJC_MSGSEND = YES;
				ENABLE_TESTABILITY = YES;
				GCC_C_LANGUAGE_STANDARD = gnu11;
				GCC_DYNAMIC_NO_PIC = NO;
				GCC_NO_COMMON_BLOCKS = YES;
				GCC_OPTIMIZATION_LEVEL = 0;
				GCC_PREPROCESSOR_DEFINITIONS = (
					"DEBUG=1",
					"$(inherited)",
				);
				GCC_WARN_64_TO_32_BIT_CONVERSION = YES;
				GCC_WARN_ABOUT_RETURN_TYPE = YES_ERROR;
				GCC_WARN_UNDECLARED_SELECTOR = YES;
				GCC_WARN_UNINITIALIZED_AUTOS = YES_AGGRESSIVE;
				GCC_WARN_UNUSED_FUNCTION = YES;
				GCC_WARN_UNUSED_VARIABLE = YES;
				IPHONEOS_DEPLOYMENT_TARGET = 14.5;
				MTL_ENABLE_DEBUG_INFO = INCLUDE_SOURCE;
				MTL_FAST_MATH = YES;
				ONLY_ACTIVE_ARCH = YES;
				SDKROOT = iphoneos;
				SWIFT_ACTIVE_COMPILATION_CONDITIONS = DEBUG;
				SWIFT_OPTIMIZATION_LEVEL = "-Onone";
			};
			name = Debug;
		};
		DAB5ADD726A258CD002CA4AC /* Release */ = {
			isa = XCBuildConfiguration;
			buildSettings = {
				ALWAYS_SEARCH_USER_PATHS = NO;
				CLANG_ANALYZER_NONNULL = YES;
				CLANG_ANALYZER_NUMBER_OBJECT_CONVERSION = YES_AGGRESSIVE;
				CLANG_CXX_LANGUAGE_STANDARD = "gnu++14";
				CLANG_CXX_LIBRARY = "libc++";
				CLANG_ENABLE_MODULES = YES;
				CLANG_ENABLE_OBJC_ARC = YES;
				CLANG_ENABLE_OBJC_WEAK = YES;
				CLANG_WARN_BLOCK_CAPTURE_AUTORELEASING = YES;
				CLANG_WARN_BOOL_CONVERSION = YES;
				CLANG_WARN_COMMA = YES;
				CLANG_WARN_CONSTANT_CONVERSION = YES;
				CLANG_WARN_DEPRECATED_OBJC_IMPLEMENTATIONS = YES;
				CLANG_WARN_DIRECT_OBJC_ISA_USAGE = YES_ERROR;
				CLANG_WARN_DOCUMENTATION_COMMENTS = YES;
				CLANG_WARN_EMPTY_BODY = YES;
				CLANG_WARN_ENUM_CONVERSION = YES;
				CLANG_WARN_INFINITE_RECURSION = YES;
				CLANG_WARN_INT_CONVERSION = YES;
				CLANG_WARN_NON_LITERAL_NULL_CONVERSION = YES;
				CLANG_WARN_OBJC_IMPLICIT_RETAIN_SELF = YES;
				CLANG_WARN_OBJC_LITERAL_CONVERSION = YES;
				CLANG_WARN_OBJC_ROOT_CLASS = YES_ERROR;
				CLANG_WARN_QUOTED_INCLUDE_IN_FRAMEWORK_HEADER = YES;
				CLANG_WARN_RANGE_LOOP_ANALYSIS = YES;
				CLANG_WARN_STRICT_PROTOTYPES = YES;
				CLANG_WARN_SUSPICIOUS_MOVE = YES;
				CLANG_WARN_UNGUARDED_AVAILABILITY = YES_AGGRESSIVE;
				CLANG_WARN_UNREACHABLE_CODE = YES;
				CLANG_WARN__DUPLICATE_METHOD_MATCH = YES;
				COPY_PHASE_STRIP = NO;
				DEBUG_INFORMATION_FORMAT = "dwarf-with-dsym";
				ENABLE_NS_ASSERTIONS = NO;
				ENABLE_STRICT_OBJC_MSGSEND = YES;
				GCC_C_LANGUAGE_STANDARD = gnu11;
				GCC_NO_COMMON_BLOCKS = YES;
				GCC_WARN_64_TO_32_BIT_CONVERSION = YES;
				GCC_WARN_ABOUT_RETURN_TYPE = YES_ERROR;
				GCC_WARN_UNDECLARED_SELECTOR = YES;
				GCC_WARN_UNINITIALIZED_AUTOS = YES_AGGRESSIVE;
				GCC_WARN_UNUSED_FUNCTION = YES;
				GCC_WARN_UNUSED_VARIABLE = YES;
				IPHONEOS_DEPLOYMENT_TARGET = 14.5;
				MTL_ENABLE_DEBUG_INFO = NO;
				MTL_FAST_MATH = YES;
				SDKROOT = iphoneos;
				SWIFT_COMPILATION_MODE = wholemodule;
				SWIFT_OPTIMIZATION_LEVEL = "-O";
				VALIDATE_PRODUCT = YES;
			};
			name = Release;
		};
		DAB5ADD926A258CD002CA4AC /* Debug */ = {
			isa = XCBuildConfiguration;
			buildSettings = {
				ASSETCATALOG_COMPILER_APPICON_NAME = AppIcon;
				ASSETCATALOG_COMPILER_GLOBAL_ACCENT_COLOR_NAME = AccentColor;
				CODE_SIGN_STYLE = Automatic;
				INFOPLIST_FILE = "Assignment 3/Info.plist";
				LD_RUNPATH_SEARCH_PATHS = (
					"$(inherited)",
					"@executable_path/Frameworks",
				);
				PRODUCT_BUNDLE_IDENTIFIER = "com.lankford.Assignment-3";
				PRODUCT_NAME = "$(TARGET_NAME)";
				SWIFT_VERSION = 5.0;
				TARGETED_DEVICE_FAMILY = "1,2";
			};
			name = Debug;
		};
		DAB5ADDA26A258CD002CA4AC /* Release */ = {
			isa = XCBuildConfiguration;
			buildSettings = {
				ASSETCATALOG_COMPILER_APPICON_NAME = AppIcon;
				ASSETCATALOG_COMPILER_GLOBAL_ACCENT_COLOR_NAME = AccentColor;
				CODE_SIGN_STYLE = Automatic;
				INFOPLIST_FILE = "Assignment 3/Info.plist";
				LD_RUNPATH_SEARCH_PATHS = (
					"$(inherited)",
					"@executable_path/Frameworks",
				);
				PRODUCT_BUNDLE_IDENTIFIER = "com.lankford.Assignment-3";
				PRODUCT_NAME = "$(TARGET_NAME)";
				SWIFT_VERSION = 5.0;
				TARGETED_DEVICE_FAMILY = "1,2";
			};
			name = Release;
		};
		DAB5ADDC26A258CD002CA4AC /* Debug */ = {
			isa = XCBuildConfiguration;
			buildSettings = {
				ALWAYS_EMBED_SWIFT_STANDARD_LIBRARIES = YES;
				BUNDLE_LOADER = "$(TEST_HOST)";
				CODE_SIGN_STYLE = Automatic;
				INFOPLIST_FILE = "Assignment 3Tests/Info.plist";
				IPHONEOS_DEPLOYMENT_TARGET = 14.5;
				LD_RUNPATH_SEARCH_PATHS = (
					"$(inherited)",
					"@executable_path/Frameworks",
					"@loader_path/Frameworks",
				);
				PRODUCT_BUNDLE_IDENTIFIER = "com.lankford.Assignment-3Tests";
				PRODUCT_NAME = "$(TARGET_NAME)";
				SWIFT_VERSION = 5.0;
				TARGETED_DEVICE_FAMILY = "1,2";
				TEST_HOST = "$(BUILT_PRODUCTS_DIR)/Assignment 3.app/Assignment 3";
			};
			name = Debug;
		};
		DAB5ADDD26A258CD002CA4AC /* Release */ = {
			isa = XCBuildConfiguration;
			buildSettings = {
				ALWAYS_EMBED_SWIFT_STANDARD_LIBRARIES = YES;
				BUNDLE_LOADER = "$(TEST_HOST)";
				CODE_SIGN_STYLE = Automatic;
				INFOPLIST_FILE = "Assignment 3Tests/Info.plist";
				IPHONEOS_DEPLOYMENT_TARGET = 14.5;
				LD_RUNPATH_SEARCH_PATHS = (
					"$(inherited)",
					"@executable_path/Frameworks",
					"@loader_path/Frameworks",
				);
				PRODUCT_BUNDLE_IDENTIFIER = "com.lankford.Assignment-3Tests";
				PRODUCT_NAME = "$(TARGET_NAME)";
				SWIFT_VERSION = 5.0;
				TARGETED_DEVICE_FAMILY = "1,2";
				TEST_HOST = "$(BUILT_PRODUCTS_DIR)/Assignment 3.app/Assignment 3";
			};
			name = Release;
		};
		DAB5ADDF26A258CD002CA4AC /* Debug */ = {
			isa = XCBuildConfiguration;
			buildSettings = {
				ALWAYS_EMBED_SWIFT_STANDARD_LIBRARIES = YES;
				CODE_SIGN_STYLE = Automatic;
				INFOPLIST_FILE = "Assignment 3UITests/Info.plist";
				LD_RUNPATH_SEARCH_PATHS = (
					"$(inherited)",
					"@executable_path/Frameworks",
					"@loader_path/Frameworks",
				);
				PRODUCT_BUNDLE_IDENTIFIER = "com.lankford.Assignment-3UITests";
				PRODUCT_NAME = "$(TARGET_NAME)";
				SWIFT_VERSION = 5.0;
				TARGETED_DEVICE_FAMILY = "1,2";
				TEST_TARGET_NAME = "Assignment 3";
			};
			name = Debug;
		};
		DAB5ADE026A258CD002CA4AC /* Release */ = {
			isa = XCBuildConfiguration;
			buildSettings = {
				ALWAYS_EMBED_SWIFT_STANDARD_LIBRARIES = YES;
				CODE_SIGN_STYLE = Automatic;
				INFOPLIST_FILE = "Assignment 3UITests/Info.plist";
				LD_RUNPATH_SEARCH_PATHS = (
					"$(inherited)",
					"@executable_path/Frameworks",
					"@loader_path/Frameworks",
				);
				PRODUCT_BUNDLE_IDENTIFIER = "com.lankford.Assignment-3UITests";
				PRODUCT_NAME = "$(TARGET_NAME)";
				SWIFT_VERSION = 5.0;
				TARGETED_DEVICE_FAMILY = "1,2";
				TEST_TARGET_NAME = "Assignment 3";
			};
			name = Release;
		};
/* End XCBuildConfiguration section */

/* Begin XCConfigurationList section */
		DAB5ADA926A258CB002CA4AC /* Build configuration list for PBXProject "Assignment 3" */ = {
			isa = XCConfigurationList;
			buildConfigurations = (
				DAB5ADD626A258CD002CA4AC /* Debug */,
				DAB5ADD726A258CD002CA4AC /* Release */,
			);
			defaultConfigurationIsVisible = 0;
			defaultConfigurationName = Release;
		};
		DAB5ADD826A258CD002CA4AC /* Build configuration list for PBXNativeTarget "Assignment 3" */ = {
			isa = XCConfigurationList;
			buildConfigurations = (
				DAB5ADD926A258CD002CA4AC /* Debug */,
				DAB5ADDA26A258CD002CA4AC /* Release */,
			);
			defaultConfigurationIsVisible = 0;
			defaultConfigurationName = Release;
		};
		DAB5ADDB26A258CD002CA4AC /* Build configuration list for PBXNativeTarget "Assignment 3Tests" */ = {
			isa = XCConfigurationList;
			buildConfigurations = (
				DAB5ADDC26A258CD002CA4AC /* Debug */,
				DAB5ADDD26A258CD002CA4AC /* Release */,
			);
			defaultConfigurationIsVisible = 0;
			defaultConfigurationName = Release;
		};
		DAB5ADDE26A258CD002CA4AC /* Build configuration list for PBXNativeTarget "Assignment 3UITests" */ = {
			isa = XCConfigurationList;
			buildConfigurations = (
				DAB5ADDF26A258CD002CA4AC /* Debug */,
				DAB5ADE026A258CD002CA4AC /* Release */,
			);
			defaultConfigurationIsVisible = 0;
			defaultConfigurationName = Release;
		};
/* End XCConfigurationList section */
	};
	rootObject = DAB5ADA626A258CB002CA4AC /* Project object */;
}
