// !$*UTF8*$!
{
	archiveVersion = 1;
	classes = {
	};
	objectVersion = 50;
	objects = {

/* Begin PBXBuildFile section */
		DA042040268123060071C243 /* AppDelegate.swift in Sources */ = {isa = PBXBuildFile; fileRef = DA04203F268123060071C243 /* AppDelegate.swift */; };
		DA042042268123060071C243 /* SceneDelegate.swift in Sources */ = {isa = PBXBuildFile; fileRef = DA042041268123060071C243 /* SceneDelegate.swift */; };
		DA042044268123060071C243 /* ViewController.swift in Sources */ = {isa = PBXBuildFile; fileRef = DA042043268123060071C243 /* ViewController.swift */; };
		DA042047268123060071C243 /* Main.storyboard in Resources */ = {isa = PBXBuildFile; fileRef = DA042045268123060071C243 /* Main.storyboard */; };
		DA042049268123070071C243 /* Assets.xcassets in Resources */ = {isa = PBXBuildFile; fileRef = DA042048268123070071C243 /* Assets.xcassets */; };
		DA04204C268123070071C243 /* LaunchScreen.storyboard in Resources */ = {isa = PBXBuildFile; fileRef = DA04204A268123070071C243 /* LaunchScreen.storyboard */; };
		DA042057268123070071C243 /* PickerAppTests.swift in Sources */ = {isa = PBXBuildFile; fileRef = DA042056268123070071C243 /* PickerAppTests.swift */; };
		DA042062268123070071C243 /* PickerAppUITests.swift in Sources */ = {isa = PBXBuildFile; fileRef = DA042061268123070071C243 /* PickerAppUITests.swift */; };
/* End PBXBuildFile section */

/* Begin PBXContainerItemProxy section */
		DA042053268123070071C243 /* PBXContainerItemProxy */ = {
			isa = PBXContainerItemProxy;
			containerPortal = DA042034268123060071C243 /* Project object */;
			proxyType = 1;
			remoteGlobalIDString = DA04203B268123060071C243;
			remoteInfo = PickerApp;
		};
		DA04205E268123070071C243 /* PBXContainerItemProxy */ = {
			isa = PBXContainerItemProxy;
			containerPortal = DA042034268123060071C243 /* Project object */;
			proxyType = 1;
			remoteGlobalIDString = DA04203B268123060071C243;
			remoteInfo = PickerApp;
		};
/* End PBXContainerItemProxy section */

/* Begin PBXFileReference section */
		DA04203C268123060071C243 /* PickerApp.app */ = {isa = PBXFileReference; explicitFileType = wrapper.application; includeInIndex = 0; path = PickerApp.app; sourceTree = BUILT_PRODUCTS_DIR; };
		DA04203F268123060071C243 /* AppDelegate.swift */ = {isa = PBXFileReference; lastKnownFileType = sourcecode.swift; path = AppDelegate.swift; sourceTree = "<group>"; };
		DA042041268123060071C243 /* SceneDelegate.swift */ = {isa = PBXFileReference; lastKnownFileType = sourcecode.swift; path = SceneDelegate.swift; sourceTree = "<group>"; };
		DA042043268123060071C243 /* ViewController.swift */ = {isa = PBXFileReference; lastKnownFileType = sourcecode.swift; path = ViewController.swift; sourceTree = "<group>"; };
		DA042046268123060071C243 /* Base */ = {isa = PBXFileReference; lastKnownFileType = file.storyboard; name = Base; path = Base.lproj/Main.storyboard; sourceTree = "<group>"; };
		DA042048268123070071C243 /* Assets.xcassets */ = {isa = PBXFileReference; lastKnownFileType = folder.assetcatalog; path = Assets.xcassets; sourceTree = "<group>"; };
		DA04204B268123070071C243 /* Base */ = {isa = PBXFileReference; lastKnownFileType = file.storyboard; name = Base; path = Base.lproj/LaunchScreen.storyboard; sourceTree = "<group>"; };
		DA04204D268123070071C243 /* Info.plist */ = {isa = PBXFileReference; lastKnownFileType = text.plist.xml; path = Info.plist; sourceTree = "<group>"; };
		DA042052268123070071C243 /* PickerAppTests.xctest */ = {isa = PBXFileReference; explicitFileType = wrapper.cfbundle; includeInIndex = 0; path = PickerAppTests.xctest; sourceTree = BUILT_PRODUCTS_DIR; };
		DA042056268123070071C243 /* PickerAppTests.swift */ = {isa = PBXFileReference; lastKnownFileType = sourcecode.swift; path = PickerAppTests.swift; sourceTree = "<group>"; };
		DA042058268123070071C243 /* Info.plist */ = {isa = PBXFileReference; lastKnownFileType = text.plist.xml; path = Info.plist; sourceTree = "<group>"; };
		DA04205D268123070071C243 /* PickerAppUITests.xctest */ = {isa = PBXFileReference; explicitFileType = wrapper.cfbundle; includeInIndex = 0; path = PickerAppUITests.xctest; sourceTree = BUILT_PRODUCTS_DIR; };
		DA042061268123070071C243 /* PickerAppUITests.swift */ = {isa = PBXFileReference; lastKnownFileType = sourcecode.swift; path = PickerAppUITests.swift; sourceTree = "<group>"; };
		DA042063268123070071C243 /* Info.plist */ = {isa = PBXFileReference; lastKnownFileType = text.plist.xml; path = Info.plist; sourceTree = "<group>"; };
/* End PBXFileReference section */

/* Begin PBXFrameworksBuildPhase section */
		DA042039268123060071C243 /* Frameworks */ = {
			isa = PBXFrameworksBuildPhase;
			buildActionMask = 2147483647;
			files = (
			);
			runOnlyForDeploymentPostprocessing = 0;
		};
		DA04204F268123070071C243 /* Frameworks */ = {
			isa = PBXFrameworksBuildPhase;
			buildActionMask = 2147483647;
			files = (
			);
			runOnlyForDeploymentPostprocessing = 0;
		};
		DA04205A268123070071C243 /* Frameworks */ = {
			isa = PBXFrameworksBuildPhase;
			buildActionMask = 2147483647;
			files = (
			);
			runOnlyForDeploymentPostprocessing = 0;
		};
/* End PBXFrameworksBuildPhase section */

/* Begin PBXGroup section */
		DA042033268123060071C243 = {
			isa = PBXGroup;
			children = (
				DA04203E268123060071C243 /* PickerApp */,
				DA042055268123070071C243 /* PickerAppTests */,
				DA042060268123070071C243 /* PickerAppUITests */,
				DA04203D268123060071C243 /* Products */,
			);
			sourceTree = "<group>";
		};
		DA04203D268123060071C243 /* Products */ = {
			isa = PBXGroup;
			children = (
				DA04203C268123060071C243 /* PickerApp.app */,
				DA042052268123070071C243 /* PickerAppTests.xctest */,
				DA04205D268123070071C243 /* PickerAppUITests.xctest */,
			);
			name = Products;
			sourceTree = "<group>";
		};
		DA04203E268123060071C243 /* PickerApp */ = {
			isa = PBXGroup;
			children = (
				DA04203F268123060071C243 /* AppDelegate.swift */,
				DA042041268123060071C243 /* SceneDelegate.swift */,
				DA042043268123060071C243 /* ViewController.swift */,
				DA042045268123060071C243 /* Main.storyboard */,
				DA042048268123070071C243 /* Assets.xcassets */,
				DA04204A268123070071C243 /* LaunchScreen.storyboard */,
				DA04204D268123070071C243 /* Info.plist */,
			);
			path = PickerApp;
			sourceTree = "<group>";
		};
		DA042055268123070071C243 /* PickerAppTests */ = {
			isa = PBXGroup;
			children = (
				DA042056268123070071C243 /* PickerAppTests.swift */,
				DA042058268123070071C243 /* Info.plist */,
			);
			path = PickerAppTests;
			sourceTree = "<group>";
		};
		DA042060268123070071C243 /* PickerAppUITests */ = {
			isa = PBXGroup;
			children = (
				DA042061268123070071C243 /* PickerAppUITests.swift */,
				DA042063268123070071C243 /* Info.plist */,
			);
			path = PickerAppUITests;
			sourceTree = "<group>";
		};
/* End PBXGroup section */

/* Begin PBXNativeTarget section */
		DA04203B268123060071C243 /* PickerApp */ = {
			isa = PBXNativeTarget;
			buildConfigurationList = DA042066268123080071C243 /* Build configuration list for PBXNativeTarget "PickerApp" */;
			buildPhases = (
				DA042038268123060071C243 /* Sources */,
				DA042039268123060071C243 /* Frameworks */,
				DA04203A268123060071C243 /* Resources */,
			);
			buildRules = (
			);
			dependencies = (
			);
			name = PickerApp;
			productName = PickerApp;
			productReference = DA04203C268123060071C243 /* PickerApp.app */;
			productType = "com.apple.product-type.application";
		};
		DA042051268123070071C243 /* PickerAppTests */ = {
			isa = PBXNativeTarget;
			buildConfigurationList = DA042069268123080071C243 /* Build configuration list for PBXNativeTarget "PickerAppTests" */;
			buildPhases = (
				DA04204E268123070071C243 /* Sources */,
				DA04204F268123070071C243 /* Frameworks */,
				DA042050268123070071C243 /* Resources */,
			);
			buildRules = (
			);
			dependencies = (
				DA042054268123070071C243 /* PBXTargetDependency */,
			);
			name = PickerAppTests;
			productName = PickerAppTests;
			productReference = DA042052268123070071C243 /* PickerAppTests.xctest */;
			productType = "com.apple.product-type.bundle.unit-test";
		};
		DA04205C268123070071C243 /* PickerAppUITests */ = {
			isa = PBXNativeTarget;
			buildConfigurationList = DA04206C268123080071C243 /* Build configuration list for PBXNativeTarget "PickerAppUITests" */;
			buildPhases = (
				DA042059268123070071C243 /* Sources */,
				DA04205A268123070071C243 /* Frameworks */,
				DA04205B268123070071C243 /* Resources */,
			);
			buildRules = (
			);
			dependencies = (
				DA04205F268123070071C243 /* PBXTargetDependency */,
			);
			name = PickerAppUITests;
			productName = PickerAppUITests;
			productReference = DA04205D268123070071C243 /* PickerAppUITests.xctest */;
			productType = "com.apple.product-type.bundle.ui-testing";
		};
/* End PBXNativeTarget section */

/* Begin PBXProject section */
		DA042034268123060071C243 /* Project object */ = {
			isa = PBXProject;
			attributes = {
				LastSwiftUpdateCheck = 1250;
				LastUpgradeCheck = 1250;
				TargetAttributes = {
					DA04203B268123060071C243 = {
						CreatedOnToolsVersion = 12.5;
					};
					DA042051268123070071C243 = {
						CreatedOnToolsVersion = 12.5;
						TestTargetID = DA04203B268123060071C243;
					};
					DA04205C268123070071C243 = {
						CreatedOnToolsVersion = 12.5;
						TestTargetID = DA04203B268123060071C243;
					};
				};
			};
			buildConfigurationList = DA042037268123060071C243 /* Build configuration list for PBXProject "PickerApp" */;
			compatibilityVersion = "Xcode 9.3";
			developmentRegion = en;
			hasScannedForEncodings = 0;
			knownRegions = (
				en,
				Base,
			);
			mainGroup = DA042033268123060071C243;
			productRefGroup = DA04203D268123060071C243 /* Products */;
			projectDirPath = "";
			projectRoot = "";
			targets = (
				DA04203B268123060071C243 /* PickerApp */,
				DA042051268123070071C243 /* PickerAppTests */,
				DA04205C268123070071C243 /* PickerAppUITests */,
			);
		};
/* End PBXProject section */

/* Begin PBXResourcesBuildPhase section */
		DA04203A268123060071C243 /* Resources */ = {
			isa = PBXResourcesBuildPhase;
			buildActionMask = 2147483647;
			files = (
				DA04204C268123070071C243 /* LaunchScreen.storyboard in Resources */,
				DA042049268123070071C243 /* Assets.xcassets in Resources */,
				DA042047268123060071C243 /* Main.storyboard in Resources */,
			);
			runOnlyForDeploymentPostprocessing = 0;
		};
		DA042050268123070071C243 /* Resources */ = {
			isa = PBXResourcesBuildPhase;
			buildActionMask = 2147483647;
			files = (
			);
			runOnlyForDeploymentPostprocessing = 0;
		};
		DA04205B268123070071C243 /* Resources */ = {
			isa = PBXResourcesBuildPhase;
			buildActionMask = 2147483647;
			files = (
			);
			runOnlyForDeploymentPostprocessing = 0;
		};
/* End PBXResourcesBuildPhase section */

/* Begin PBXSourcesBuildPhase section */
		DA042038268123060071C243 /* Sources */ = {
			isa = PBXSourcesBuildPhase;
			buildActionMask = 2147483647;
			files = (
				DA042044268123060071C243 /* ViewController.swift in Sources */,
				DA042040268123060071C243 /* AppDelegate.swift in Sources */,
				DA042042268123060071C243 /* SceneDelegate.swift in Sources */,
			);
			runOnlyForDeploymentPostprocessing = 0;
		};
		DA04204E268123070071C243 /* Sources */ = {
			isa = PBXSourcesBuildPhase;
			buildActionMask = 2147483647;
			files = (
				DA042057268123070071C243 /* PickerAppTests.swift in Sources */,
			);
			runOnlyForDeploymentPostprocessing = 0;
		};
		DA042059268123070071C243 /* Sources */ = {
			isa = PBXSourcesBuildPhase;
			buildActionMask = 2147483647;
			files = (
				DA042062268123070071C243 /* PickerAppUITests.swift in Sources */,
			);
			runOnlyForDeploymentPostprocessing = 0;
		};
/* End PBXSourcesBuildPhase section */

/* Begin PBXTargetDependency section */
		DA042054268123070071C243 /* PBXTargetDependency */ = {
			isa = PBXTargetDependency;
			target = DA04203B268123060071C243 /* PickerApp */;
			targetProxy = DA042053268123070071C243 /* PBXContainerItemProxy */;
		};
		DA04205F268123070071C243 /* PBXTargetDependency */ = {
			isa = PBXTargetDependency;
			target = DA04203B268123060071C243 /* PickerApp */;
			targetProxy = DA04205E268123070071C243 /* PBXContainerItemProxy */;
		};
/* End PBXTargetDependency section */

/* Begin PBXVariantGroup section */
		DA042045268123060071C243 /* Main.storyboard */ = {
			isa = PBXVariantGroup;
			children = (
				DA042046268123060071C243 /* Base */,
			);
			name = Main.storyboard;
			sourceTree = "<group>";
		};
		DA04204A268123070071C243 /* LaunchScreen.storyboard */ = {
			isa = PBXVariantGroup;
			children = (
				DA04204B268123070071C243 /* Base */,
			);
			name = LaunchScreen.storyboard;
			sourceTree = "<group>";
		};
/* End PBXVariantGroup section */

/* Begin XCBuildConfiguration section */
		DA042064268123080071C243 /* Debug */ = {
			isa = XCBuildConfiguration;
			buildSettings = {
				ALWAYS_SEARCH_USER_PATHS = NO;
				CLANG_ANALYZER_NONNULL = YES;
				CLANG_ANALYZER_NUMBER_OBJECT_CONVERSION = YES_AGGRESSIVE;
				CLANG_CXX_LANGUAGE_STANDARD = "gnu++14";
				CLANG_CXX_LIBRARY = "libc++";
				CLANG_ENABLE_MODULES = YES;
				CLANG_ENABLE_OBJC_ARC = YES;
				CLANG_ENABLE_OBJC_WEAK = YES;
				CLANG_WARN_BLOCK_CAPTURE_AUTORELEASING = YES;
				CLANG_WARN_BOOL_CONVERSION = YES;
				CLANG_WARN_COMMA = YES;
				CLANG_WARN_CONSTANT_CONVERSION = YES;
				CLANG_WARN_DEPRECATED_OBJC_IMPLEMENTATIONS = YES;
				CLANG_WARN_DIRECT_OBJC_ISA_USAGE = YES_ERROR;
				CLANG_WARN_DOCUMENTATION_COMMENTS = YES;
				CLANG_WARN_EMPTY_BODY = YES;
				CLANG_WARN_ENUM_CONVERSION = YES;
				CLANG_WARN_INFINITE_RECURSION = YES;
				CLANG_WARN_INT_CONVERSION = YES;
				CLANG_WARN_NON_LITERAL_NULL_CONVERSION = YES;
				CLANG_WARN_OBJC_IMPLICIT_RETAIN_SELF = YES;
				CLANG_WARN_OBJC_LITERAL_CONVERSION = YES;
				CLANG_WARN_OBJC_ROOT_CLASS = YES_ERROR;
				CLANG_WARN_QUOTED_INCLUDE_IN_FRAMEWORK_HEADER = YES;
				CLANG_WARN_RANGE_LOOP_ANALYSIS = YES;
				CLANG_WARN_STRICT_PROTOTYPES = YES;
				CLANG_WARN_SUSPICIOUS_MOVE = YES;
				CLANG_WARN_UNGUARDED_AVAILABILITY = YES_AGGRESSIVE;
				CLANG_WARN_UNREACHABLE_CODE = YES;
				CLANG_WARN__DUPLICATE_METHOD_MATCH = YES;
				COPY_PHASE_STRIP = NO;
				DEBUG_INFORMATION_FORMAT = dwarf;
				ENABLE_STRICT_OBJC_MSGSEND = YES;
				ENABLE_TESTABILITY = YES;
				GCC_C_LANGUAGE_STANDARD = gnu11;
				GCC_DYNAMIC_NO_PIC = NO;
				GCC_NO_COMMON_BLOCKS = YES;
				GCC_OPTIMIZATION_LEVEL = 0;
				GCC_PREPROCESSOR_DEFINITIONS = (
					"DEBUG=1",
					"$(inherited)",
				);
				GCC_WARN_64_TO_32_BIT_CONVERSION = YES;
				GCC_WARN_ABOUT_RETURN_TYPE = YES_ERROR;
				GCC_WARN_UNDECLARED_SELECTOR = YES;
				GCC_WARN_UNINITIALIZED_AUTOS = YES_AGGRESSIVE;
				GCC_WARN_UNUSED_FUNCTION = YES;
				GCC_WARN_UNUSED_VARIABLE = YES;
				IPHONEOS_DEPLOYMENT_TARGET = 14.5;
				MTL_ENABLE_DEBUG_INFO = INCLUDE_SOURCE;
				MTL_FAST_MATH = YES;
				ONLY_ACTIVE_ARCH = YES;
				SDKROOT = iphoneos;
				SWIFT_ACTIVE_COMPILATION_CONDITIONS = DEBUG;
				SWIFT_OPTIMIZATION_LEVEL = "-Onone";
			};
			name = Debug;
		};
		DA042065268123080071C243 /* Release */ = {
			isa = XCBuildConfiguration;
			buildSettings = {
				ALWAYS_SEARCH_USER_PATHS = NO;
				CLANG_ANALYZER_NONNULL = YES;
				CLANG_ANALYZER_NUMBER_OBJECT_CONVERSION = YES_AGGRESSIVE;
				CLANG_CXX_LANGUAGE_STANDARD = "gnu++14";
				CLANG_CXX_LIBRARY = "libc++";
				CLANG_ENABLE_MODULES = YES;
				CLANG_ENABLE_OBJC_ARC = YES;
				CLANG_ENABLE_OBJC_WEAK = YES;
				CLANG_WARN_BLOCK_CAPTURE_AUTORELEASING = YES;
				CLANG_WARN_BOOL_CONVERSION = YES;
				CLANG_WARN_COMMA = YES;
				CLANG_WARN_CONSTANT_CONVERSION = YES;
				CLANG_WARN_DEPRECATED_OBJC_IMPLEMENTATIONS = YES;
				CLANG_WARN_DIRECT_OBJC_ISA_USAGE = YES_ERROR;
				CLANG_WARN_DOCUMENTATION_COMMENTS = YES;
				CLANG_WARN_EMPTY_BODY = YES;
				CLANG_WARN_ENUM_CONVERSION = YES;
				CLANG_WARN_INFINITE_RECURSION = YES;
				CLANG_WARN_INT_CONVERSION = YES;
				CLANG_WARN_NON_LITERAL_NULL_CONVERSION = YES;
				CLANG_WARN_OBJC_IMPLICIT_RETAIN_SELF = YES;
				CLANG_WARN_OBJC_LITERAL_CONVERSION = YES;
				CLANG_WARN_OBJC_ROOT_CLASS = YES_ERROR;
				CLANG_WARN_QUOTED_INCLUDE_IN_FRAMEWORK_HEADER = YES;
				CLANG_WARN_RANGE_LOOP_ANALYSIS = YES;
				CLANG_WARN_STRICT_PROTOTYPES = YES;
				CLANG_WARN_SUSPICIOUS_MOVE = YES;
				CLANG_WARN_UNGUARDED_AVAILABILITY = YES_AGGRESSIVE;
				CLANG_WARN_UNREACHABLE_CODE = YES;
				CLANG_WARN__DUPLICATE_METHOD_MATCH = YES;
				COPY_PHASE_STRIP = NO;
				DEBUG_INFORMATION_FORMAT = "dwarf-with-dsym";
				ENABLE_NS_ASSERTIONS = NO;
				ENABLE_STRICT_OBJC_MSGSEND = YES;
				GCC_C_LANGUAGE_STANDARD = gnu11;
				GCC_NO_COMMON_BLOCKS = YES;
				GCC_WARN_64_TO_32_BIT_CONVERSION = YES;
				GCC_WARN_ABOUT_RETURN_TYPE = YES_ERROR;
				GCC_WARN_UNDECLARED_SELECTOR = YES;
				GCC_WARN_UNINITIALIZED_AUTOS = YES_AGGRESSIVE;
				GCC_WARN_UNUSED_FUNCTION = YES;
				GCC_WARN_UNUSED_VARIABLE = YES;
				IPHONEOS_DEPLOYMENT_TARGET = 14.5;
				MTL_ENABLE_DEBUG_INFO = NO;
				MTL_FAST_MATH = YES;
				SDKROOT = iphoneos;
				SWIFT_COMPILATION_MODE = wholemodule;
				SWIFT_OPTIMIZATION_LEVEL = "-O";
				VALIDATE_PRODUCT = YES;
			};
			name = Release;
		};
		DA042067268123080071C243 /* Debug */ = {
			isa = XCBuildConfiguration;
			buildSettings = {
				ASSETCATALOG_COMPILER_APPICON_NAME = AppIcon;
				ASSETCATALOG_COMPILER_GLOBAL_ACCENT_COLOR_NAME = AccentColor;
				CODE_SIGN_STYLE = Automatic;
				INFOPLIST_FILE = PickerApp/Info.plist;
				LD_RUNPATH_SEARCH_PATHS = (
					"$(inherited)",
					"@executable_path/Frameworks",
				);
				PRODUCT_BUNDLE_IDENTIFIER = com.lankford.PickerApp;
				PRODUCT_NAME = "$(TARGET_NAME)";
				SWIFT_VERSION = 5.0;
				TARGETED_DEVICE_FAMILY = "1,2";
			};
			name = Debug;
		};
		DA042068268123080071C243 /* Release */ = {
			isa = XCBuildConfiguration;
			buildSettings = {
				ASSETCATALOG_COMPILER_APPICON_NAME = AppIcon;
				ASSETCATALOG_COMPILER_GLOBAL_ACCENT_COLOR_NAME = AccentColor;
				CODE_SIGN_STYLE = Automatic;
				INFOPLIST_FILE = PickerApp/Info.plist;
				LD_RUNPATH_SEARCH_PATHS = (
					"$(inherited)",
					"@executable_path/Frameworks",
				);
				PRODUCT_BUNDLE_IDENTIFIER = com.lankford.PickerApp;
				PRODUCT_NAME = "$(TARGET_NAME)";
				SWIFT_VERSION = 5.0;
				TARGETED_DEVICE_FAMILY = "1,2";
			};
			name = Release;
		};
		DA04206A268123080071C243 /* Debug */ = {
			isa = XCBuildConfiguration;
			buildSettings = {
				ALWAYS_EMBED_SWIFT_STANDARD_LIBRARIES = YES;
				BUNDLE_LOADER = "$(TEST_HOST)";
				CODE_SIGN_STYLE = Automatic;
				INFOPLIST_FILE = PickerAppTests/Info.plist;
				IPHONEOS_DEPLOYMENT_TARGET = 14.5;
				LD_RUNPATH_SEARCH_PATHS = (
					"$(inherited)",
					"@executable_path/Frameworks",
					"@loader_path/Frameworks",
				);
				PRODUCT_BUNDLE_IDENTIFIER = com.lankford.PickerAppTests;
				PRODUCT_NAME = "$(TARGET_NAME)";
				SWIFT_VERSION = 5.0;
				TARGETED_DEVICE_FAMILY = "1,2";
				TEST_HOST = "$(BUILT_PRODUCTS_DIR)/PickerApp.app/PickerApp";
			};
			name = Debug;
		};
		DA04206B268123080071C243 /* Release */ = {
			isa = XCBuildConfiguration;
			buildSettings = {
				ALWAYS_EMBED_SWIFT_STANDARD_LIBRARIES = YES;
				BUNDLE_LOADER = "$(TEST_HOST)";
				CODE_SIGN_STYLE = Automatic;
				INFOPLIST_FILE = PickerAppTests/Info.plist;
				IPHONEOS_DEPLOYMENT_TARGET = 14.5;
				LD_RUNPATH_SEARCH_PATHS = (
					"$(inherited)",
					"@executable_path/Frameworks",
					"@loader_path/Frameworks",
				);
				PRODUCT_BUNDLE_IDENTIFIER = com.lankford.PickerAppTests;
				PRODUCT_NAME = "$(TARGET_NAME)";
				SWIFT_VERSION = 5.0;
				TARGETED_DEVICE_FAMILY = "1,2";
				TEST_HOST = "$(BUILT_PRODUCTS_DIR)/PickerApp.app/PickerApp";
			};
			name = Release;
		};
		DA04206D268123080071C243 /* Debug */ = {
			isa = XCBuildConfiguration;
			buildSettings = {
				ALWAYS_EMBED_SWIFT_STANDARD_LIBRARIES = YES;
				CODE_SIGN_STYLE = Automatic;
				INFOPLIST_FILE = PickerAppUITests/Info.plist;
				LD_RUNPATH_SEARCH_PATHS = (
					"$(inherited)",
					"@executable_path/Frameworks",
					"@loader_path/Frameworks",
				);
				PRODUCT_BUNDLE_IDENTIFIER = com.lankford.PickerAppUITests;
				PRODUCT_NAME = "$(TARGET_NAME)";
				SWIFT_VERSION = 5.0;
				TARGETED_DEVICE_FAMILY = "1,2";
				TEST_TARGET_NAME = PickerApp;
			};
			name = Debug;
		};
		DA04206E268123080071C243 /* Release */ = {
			isa = XCBuildConfiguration;
			buildSettings = {
				ALWAYS_EMBED_SWIFT_STANDARD_LIBRARIES = YES;
				CODE_SIGN_STYLE = Automatic;
				INFOPLIST_FILE = PickerAppUITests/Info.plist;
				LD_RUNPATH_SEARCH_PATHS = (
					"$(inherited)",
					"@executable_path/Frameworks",
					"@loader_path/Frameworks",
				);
				PRODUCT_BUNDLE_IDENTIFIER = com.lankford.PickerAppUITests;
				PRODUCT_NAME = "$(TARGET_NAME)";
				SWIFT_VERSION = 5.0;
				TARGETED_DEVICE_FAMILY = "1,2";
				TEST_TARGET_NAME = PickerApp;
			};
			name = Release;
		};
/* End XCBuildConfiguration section */

/* Begin XCConfigurationList section */
		DA042037268123060071C243 /* Build configuration list for PBXProject "PickerApp" */ = {
			isa = XCConfigurationList;
			buildConfigurations = (
				DA042064268123080071C243 /* Debug */,
				DA042065268123080071C243 /* Release */,
			);
			defaultConfigurationIsVisible = 0;
			defaultConfigurationName = Release;
		};
		DA042066268123080071C243 /* Build configuration list for PBXNativeTarget "PickerApp" */ = {
			isa = XCConfigurationList;
			buildConfigurations = (
				DA042067268123080071C243 /* Debug */,
				DA042068268123080071C243 /* Release */,
			);
			defaultConfigurationIsVisible = 0;
			defaultConfigurationName = Release;
		};
		DA042069268123080071C243 /* Build configuration list for PBXNativeTarget "PickerAppTests" */ = {
			isa = XCConfigurationList;
			buildConfigurations = (
				DA04206A268123080071C243 /* Debug */,
				DA04206B268123080071C243 /* Release */,
			);
			defaultConfigurationIsVisible = 0;
			defaultConfigurationName = Release;
		};
		DA04206C268123080071C243 /* Build configuration list for PBXNativeTarget "PickerAppUITests" */ = {
			isa = XCConfigurationList;
			buildConfigurations = (
				DA04206D268123080071C243 /* Debug */,
				DA04206E268123080071C243 /* Release */,
			);
			defaultConfigurationIsVisible = 0;
			defaultConfigurationName = Release;
		};
/* End XCConfigurationList section */
	};
	rootObject = DA042034268123060071C243 /* Project object */;
}
